
Microsoft Visual Studio Solution File, Format Version 12.00
# Visual Studio Version 17
VisualStudioVersion = 17.7.34221.43
MinimumVisualStudioVersion = 10.0.40219.1
Project("{9A19103F-16F7-4668-BE54-9A1E7A4F7556}") = "Data", "Data\Data.csproj", "{9ECCFFCA-307A-4AD2-A745-BE88676BADBA}"
EndProject
Project("{9A19103F-16F7-4668-BE54-9A1E7A4F7556}") = "Domain", "Domain\Domain.csproj", "{219C8792-15F4-4C37-A24C-C1105D0C2341}"
EndProject
Project("{9A19103F-16F7-4668-BE54-9A1E7A4F7556}") = "Logic", "Logic\Logic.csproj", "{349840C0-6B70-4211-B5EC-D6DC9EC06EDA}"
EndProject
Project("{9A19103F-16F7-4668-BE54-9A1E7A4F7556}") = "Tests", "Tests\Tests.csproj", "{A9DA12D3-8637-45D7-ADCA-98090060F02E}"
EndProject
Project("{9A19103F-16F7-4668-BE54-9A1E7A4F7556}") = "WebApi", "WebApi\WebApi.csproj", "{FCFED162-C731-47DE-8C3D-209D01F3677E}"
EndProject
Project("{9A19103F-16F7-4668-BE54-9A1E7A4F7556}") = "ServicesFactory", "ServicesFactory\ServicesFactory.csproj", "{15477376-2EA2-4055-899B-BEC25B04C75A}"
EndProject
Project("{9A19103F-16F7-4668-BE54-9A1E7A4F7556}") = "APIModels", "APIModels\APIModels.csproj", "{4600D367-E296-4177-8A67-ABB325ED0C7A}"
EndProject
Project("{9A19103F-16F7-4668-BE54-9A1E7A4F7556}") = "Exceptions", "Exceptions\Exceptions.csproj", "{8B9CF060-DA4A-4843-BB47-A9B0CEC74300}"
EndProject
Project("{9A19103F-16F7-4668-BE54-9A1E7A4F7556}") = "IData", "IData\IData.csproj", "{74BB1C1A-F882-4F54-B85A-A9579DF725DB}"
EndProject
Project("{9A19103F-16F7-4668-BE54-9A1E7A4F7556}") = "ILogic", "ILogic\ILogic.csproj", "{B6531F1C-A2D8-4655-B6ED-9D4C346A8EFC}"
EndProject
Project("{9A19103F-16F7-4668-BE54-9A1E7A4F7556}") = "IPromotionProject", "IPromotionProject\IPromotionProject.csproj", "{8B537E53-379C-4D3A-ABB8-D0F4A8B1D346}"
EndProject
Project("{FAE04EC0-301F-11D3-BF4B-00C04F79EFBC}") = "Promotions.ThreeProductFidelity", "Promotions.ThreeProductFidelity\Promotions.ThreeProductFidelity.csproj", "{CCEE1A5B-1FC0-4CB6-851B-F0D3ED12407D}"
EndProject
Project("{FAE04EC0-301F-11D3-BF4B-00C04F79EFBC}") = "Promotions.ThreeProductsOneFree", "Promotions.ThreeProductsOneFree\Promotions.ThreeProductsOneFree.csproj", "{4D679779-8526-41DB-A981-D2EDDF53D0FB}"
EndProject
Project("{FAE04EC0-301F-11D3-BF4B-00C04F79EFBC}") = "Promotions.TotalLook", "Promotions.TotalLook\Promotions.TotalLook.csproj", "{99F9A2E8-2D5C-47D8-9803-399153E197D5}"
EndProject
Project("{FAE04EC0-301F-11D3-BF4B-00C04F79EFBC}") = "Promotions.TwentyPercentOff", "Promotions.TwentyPercentOff\Promotions.TwentyPercentOff.csproj", "{16409D1C-EB7B-4200-9C55-D1F09537D9D4}"
EndProject
Global
	GlobalSection(SolutionConfigurationPlatforms) = preSolution
		Debug|Any CPU = Debug|Any CPU
		Release|Any CPU = Release|Any CPU
	EndGlobalSection
	GlobalSection(ProjectConfigurationPlatforms) = postSolution
		{9ECCFFCA-307A-4AD2-A745-BE88676BADBA}.Debug|Any CPU.ActiveCfg = Debug|Any CPU
		{9ECCFFCA-307A-4AD2-A745-BE88676BADBA}.Debug|Any CPU.Build.0 = Debug|Any CPU
		{9ECCFFCA-307A-4AD2-A745-BE88676BADBA}.Release|Any CPU.ActiveCfg = Release|Any CPU
		{9ECCFFCA-307A-4AD2-A745-BE88676BADBA}.Release|Any CPU.Build.0 = Release|Any CPU
		{219C8792-15F4-4C37-A24C-C1105D0C2341}.Debug|Any CPU.ActiveCfg = Debug|Any CPU
		{219C8792-15F4-4C37-A24C-C1105D0C2341}.Debug|Any CPU.Build.0 = Debug|Any CPU
		{219C8792-15F4-4C37-A24C-C1105D0C2341}.Release|Any CPU.ActiveCfg = Release|Any CPU
		{219C8792-15F4-4C37-A24C-C1105D0C2341}.Release|Any CPU.Build.0 = Release|Any CPU
		{349840C0-6B70-4211-B5EC-D6DC9EC06EDA}.Debug|Any CPU.ActiveCfg = Debug|Any CPU
		{349840C0-6B70-4211-B5EC-D6DC9EC06EDA}.Debug|Any CPU.Build.0 = Debug|Any CPU
		{349840C0-6B70-4211-B5EC-D6DC9EC06EDA}.Release|Any CPU.ActiveCfg = Release|Any CPU
		{349840C0-6B70-4211-B5EC-D6DC9EC06EDA}.Release|Any CPU.Build.0 = Release|Any CPU
		{A9DA12D3-8637-45D7-ADCA-98090060F02E}.Debug|Any CPU.ActiveCfg = Debug|Any CPU
		{A9DA12D3-8637-45D7-ADCA-98090060F02E}.Debug|Any CPU.Build.0 = Debug|Any CPU
		{A9DA12D3-8637-45D7-ADCA-98090060F02E}.Release|Any CPU.ActiveCfg = Release|Any CPU
		{A9DA12D3-8637-45D7-ADCA-98090060F02E}.Release|Any CPU.Build.0 = Release|Any CPU
		{FCFED162-C731-47DE-8C3D-209D01F3677E}.Debug|Any CPU.ActiveCfg = Debug|Any CPU
		{FCFED162-C731-47DE-8C3D-209D01F3677E}.Debug|Any CPU.Build.0 = Debug|Any CPU
		{FCFED162-C731-47DE-8C3D-209D01F3677E}.Release|Any CPU.ActiveCfg = Release|Any CPU
		{FCFED162-C731-47DE-8C3D-209D01F3677E}.Release|Any CPU.Build.0 = Release|Any CPU
		{15477376-2EA2-4055-899B-BEC25B04C75A}.Debug|Any CPU.ActiveCfg = Debug|Any CPU
		{15477376-2EA2-4055-899B-BEC25B04C75A}.Debug|Any CPU.Build.0 = Debug|Any CPU
		{15477376-2EA2-4055-899B-BEC25B04C75A}.Release|Any CPU.ActiveCfg = Release|Any CPU
		{15477376-2EA2-4055-899B-BEC25B04C75A}.Release|Any CPU.Build.0 = Release|Any CPU
		{4600D367-E296-4177-8A67-ABB325ED0C7A}.Debug|Any CPU.ActiveCfg = Debug|Any CPU
		{4600D367-E296-4177-8A67-ABB325ED0C7A}.Debug|Any CPU.Build.0 = Debug|Any CPU
		{4600D367-E296-4177-8A67-ABB325ED0C7A}.Release|Any CPU.ActiveCfg = Release|Any CPU
		{4600D367-E296-4177-8A67-ABB325ED0C7A}.Release|Any CPU.Build.0 = Release|Any CPU
		{8B9CF060-DA4A-4843-BB47-A9B0CEC74300}.Debug|Any CPU.ActiveCfg = Debug|Any CPU
		{8B9CF060-DA4A-4843-BB47-A9B0CEC74300}.Debug|Any CPU.Build.0 = Debug|Any CPU
		{8B9CF060-DA4A-4843-BB47-A9B0CEC74300}.Release|Any CPU.ActiveCfg = Release|Any CPU
		{8B9CF060-DA4A-4843-BB47-A9B0CEC74300}.Release|Any CPU.Build.0 = Release|Any CPU
		{74BB1C1A-F882-4F54-B85A-A9579DF725DB}.Debug|Any CPU.ActiveCfg = Debug|Any CPU
		{74BB1C1A-F882-4F54-B85A-A9579DF725DB}.Debug|Any CPU.Build.0 = Debug|Any CPU
		{74BB1C1A-F882-4F54-B85A-A9579DF725DB}.Release|Any CPU.ActiveCfg = Release|Any CPU
		{74BB1C1A-F882-4F54-B85A-A9579DF725DB}.Release|Any CPU.Build.0 = Release|Any CPU
		{B6531F1C-A2D8-4655-B6ED-9D4C346A8EFC}.Debug|Any CPU.ActiveCfg = Debug|Any CPU
		{B6531F1C-A2D8-4655-B6ED-9D4C346A8EFC}.Debug|Any CPU.Build.0 = Debug|Any CPU
		{B6531F1C-A2D8-4655-B6ED-9D4C346A8EFC}.Release|Any CPU.ActiveCfg = Release|Any CPU
		{B6531F1C-A2D8-4655-B6ED-9D4C346A8EFC}.Release|Any CPU.Build.0 = Release|Any CPU
		{8B537E53-379C-4D3A-ABB8-D0F4A8B1D346}.Debug|Any CPU.ActiveCfg = Debug|Any CPU
		{8B537E53-379C-4D3A-ABB8-D0F4A8B1D346}.Debug|Any CPU.Build.0 = Debug|Any CPU
		{8B537E53-379C-4D3A-ABB8-D0F4A8B1D346}.Release|Any CPU.ActiveCfg = Release|Any CPU
		{8B537E53-379C-4D3A-ABB8-D0F4A8B1D346}.Release|Any CPU.Build.0 = Release|Any CPU
		{CCEE1A5B-1FC0-4CB6-851B-F0D3ED12407D}.Debug|Any CPU.ActiveCfg = Debug|Any CPU
		{CCEE1A5B-1FC0-4CB6-851B-F0D3ED12407D}.Debug|Any CPU.Build.0 = Debug|Any CPU
		{CCEE1A5B-1FC0-4CB6-851B-F0D3ED12407D}.Release|Any CPU.ActiveCfg = Release|Any CPU
		{CCEE1A5B-1FC0-4CB6-851B-F0D3ED12407D}.Release|Any CPU.Build.0 = Release|Any CPU
		{4D679779-8526-41DB-A981-D2EDDF53D0FB}.Debug|Any CPU.ActiveCfg = Debug|Any CPU
		{4D679779-8526-41DB-A981-D2EDDF53D0FB}.Debug|Any CPU.Build.0 = Debug|Any CPU
		{4D679779-8526-41DB-A981-D2EDDF53D0FB}.Release|Any CPU.ActiveCfg = Release|Any CPU
		{4D679779-8526-41DB-A981-D2EDDF53D0FB}.Release|Any CPU.Build.0 = Release|Any CPU
		{99F9A2E8-2D5C-47D8-9803-399153E197D5}.Debug|Any CPU.ActiveCfg = Debug|Any CPU
		{99F9A2E8-2D5C-47D8-9803-399153E197D5}.Debug|Any CPU.Build.0 = Debug|Any CPU
		{99F9A2E8-2D5C-47D8-9803-399153E197D5}.Release|Any CPU.ActiveCfg = Release|Any CPU
		{99F9A2E8-2D5C-47D8-9803-399153E197D5}.Release|Any CPU.Build.0 = Release|Any CPU
		{16409D1C-EB7B-4200-9C55-D1F09537D9D4}.Debug|Any CPU.ActiveCfg = Debug|Any CPU
		{16409D1C-EB7B-4200-9C55-D1F09537D9D4}.Debug|Any CPU.Build.0 = Debug|Any CPU
		{16409D1C-EB7B-4200-9C55-D1F09537D9D4}.Release|Any CPU.ActiveCfg = Release|Any CPU
		{16409D1C-EB7B-4200-9C55-D1F09537D9D4}.Release|Any CPU.Build.0 = Release|Any CPU
	EndGlobalSection
	GlobalSection(SolutionProperties) = preSolution
		HideSolutionNode = FALSE
	EndGlobalSection
	GlobalSection(ExtensibilityGlobals) = postSolution
		SolutionGuid = {93D4A8E9-8B6F-49AC-BC06-39F29E70D851}
	EndGlobalSection
EndGlobal
