
Microsoft Visual Studio Solution File, Format Version 12.00
# Visual Studio Version 17
VisualStudioVersion = 17.5.33502.453
MinimumVisualStudioVersion = 10.0.40219.1
Project("{9A19103F-16F7-4668-BE54-9A1E7A4F7556}") = "Data", "Data\Data.csproj", "{9ECCFFCA-307A-4AD2-A745-BE88676BADBA}"
EndProject
Project("{FAE04EC0-301F-11D3-BF4B-00C04F79EFBC}") = "Controllers", "Controllers\Controllers.csproj", "{41ABAAF6-241A-4B9F-B25B-4E4F3BD2A6E8}"
EndProject
Project("{FAE04EC0-301F-11D3-BF4B-00C04F79EFBC}") = "Domain", "Domain\Domain.csproj", "{219C8792-15F4-4C37-A24C-C1105D0C2341}"
EndProject
Project("{FAE04EC0-301F-11D3-BF4B-00C04F79EFBC}") = "Logic", "Logic\Logic.csproj", "{349840C0-6B70-4211-B5EC-D6DC9EC06EDA}"
EndProject
Project("{FAE04EC0-301F-11D3-BF4B-00C04F79EFBC}") = "DTO", "DTO\DTO.csproj", "{61267B58-ACDA-4ED0-B429-AE498B043717}"
EndProject
Project("{FAE04EC0-301F-11D3-BF4B-00C04F79EFBC}") = "Utilities", "Utilities\Utilities.csproj", "{514797A4-4F30-4E70-8078-AEC10568E909}"
EndProject
Project("{FAE04EC0-301F-11D3-BF4B-00C04F79EFBC}") = "Tests", "Tests\Tests.csproj", "{A9DA12D3-8637-45D7-ADCA-98090060F02E}"
EndProject
Global
	GlobalSection(SolutionConfigurationPlatforms) = preSolution
		Debug|Any CPU = Debug|Any CPU
		Release|Any CPU = Release|Any CPU
	EndGlobalSection
	GlobalSection(ProjectConfigurationPlatforms) = postSolution
		{9ECCFFCA-307A-4AD2-A745-BE88676BADBA}.Debug|Any CPU.ActiveCfg = Debug|Any CPU
		{9ECCFFCA-307A-4AD2-A745-BE88676BADBA}.Debug|Any CPU.Build.0 = Debug|Any CPU
		{9ECCFFCA-307A-4AD2-A745-BE88676BADBA}.Release|Any CPU.ActiveCfg = Release|Any CPU
		{9ECCFFCA-307A-4AD2-A745-BE88676BADBA}.Release|Any CPU.Build.0 = Release|Any CPU
		{41ABAAF6-241A-4B9F-B25B-4E4F3BD2A6E8}.Debug|Any CPU.ActiveCfg = Debug|Any CPU
		{41ABAAF6-241A-4B9F-B25B-4E4F3BD2A6E8}.Debug|Any CPU.Build.0 = Debug|Any CPU
		{41ABAAF6-241A-4B9F-B25B-4E4F3BD2A6E8}.Release|Any CPU.ActiveCfg = Release|Any CPU
		{41ABAAF6-241A-4B9F-B25B-4E4F3BD2A6E8}.Release|Any CPU.Build.0 = Release|Any CPU
		{219C8792-15F4-4C37-A24C-C1105D0C2341}.Debug|Any CPU.ActiveCfg = Debug|Any CPU
		{219C8792-15F4-4C37-A24C-C1105D0C2341}.Debug|Any CPU.Build.0 = Debug|Any CPU
		{219C8792-15F4-4C37-A24C-C1105D0C2341}.Release|Any CPU.ActiveCfg = Release|Any CPU
		{219C8792-15F4-4C37-A24C-C1105D0C2341}.Release|Any CPU.Build.0 = Release|Any CPU
		{349840C0-6B70-4211-B5EC-D6DC9EC06EDA}.Debug|Any CPU.ActiveCfg = Debug|Any CPU
		{349840C0-6B70-4211-B5EC-D6DC9EC06EDA}.Debug|Any CPU.Build.0 = Debug|Any CPU
		{349840C0-6B70-4211-B5EC-D6DC9EC06EDA}.Release|Any CPU.ActiveCfg = Release|Any CPU
		{349840C0-6B70-4211-B5EC-D6DC9EC06EDA}.Release|Any CPU.Build.0 = Release|Any CPU
		{61267B58-ACDA-4ED0-B429-AE498B043717}.Debug|Any CPU.ActiveCfg = Debug|Any CPU
		{61267B58-ACDA-4ED0-B429-AE498B043717}.Debug|Any CPU.Build.0 = Debug|Any CPU
		{61267B58-ACDA-4ED0-B429-AE498B043717}.Release|Any CPU.ActiveCfg = Release|Any CPU
		{61267B58-ACDA-4ED0-B429-AE498B043717}.Release|Any CPU.Build.0 = Release|Any CPU
		{514797A4-4F30-4E70-8078-AEC10568E909}.Debug|Any CPU.ActiveCfg = Debug|Any CPU
		{514797A4-4F30-4E70-8078-AEC10568E909}.Debug|Any CPU.Build.0 = Debug|Any CPU
		{514797A4-4F30-4E70-8078-AEC10568E909}.Release|Any CPU.ActiveCfg = Release|Any CPU
		{514797A4-4F30-4E70-8078-AEC10568E909}.Release|Any CPU.Build.0 = Release|Any CPU
		{A9DA12D3-8637-45D7-ADCA-98090060F02E}.Debug|Any CPU.ActiveCfg = Debug|Any CPU
		{A9DA12D3-8637-45D7-ADCA-98090060F02E}.Debug|Any CPU.Build.0 = Debug|Any CPU
		{A9DA12D3-8637-45D7-ADCA-98090060F02E}.Release|Any CPU.ActiveCfg = Release|Any CPU
		{A9DA12D3-8637-45D7-ADCA-98090060F02E}.Release|Any CPU.Build.0 = Release|Any CPU
	EndGlobalSection
	GlobalSection(SolutionProperties) = preSolution
		HideSolutionNode = FALSE
	EndGlobalSection
	GlobalSection(ExtensibilityGlobals) = postSolution
		SolutionGuid = {93D4A8E9-8B6F-49AC-BC06-39F29E70D851}
	EndGlobalSection
EndGlobal
